{
  "name": "flogger",
  "version": "1.0.0",
  "lockfileVersion": 1,
  "requires": true,
  "dependencies": {
    "@types/node": {
      "version": "12.12.47",
      "resolved": "https://registry.npmjs.org/@types/node/-/node-12.12.47.tgz",
      "integrity": "sha512-yzBInQFhdY8kaZmqoL2+3U5dSTMrKaYcb561VU+lDzAYvqt+2lojvBEy+hmpSNuXnPTx7m9+04CzWYOUqWME2A=="
    },
    "@types/underscore": {
      "version": "1.10.1",
      "resolved": "https://registry.npmjs.org/@types/underscore/-/underscore-1.10.1.tgz",
      "integrity": "sha512-RRQWytGzPUhybKdf7jhfcySkdEHMDsVZ0gU3XVIxeqms1UKu3+ICaTXNaNGAkcUbIJ8SUKpmUIS1z9mDVc7seg=="
    },
    "typescript": {
      "version": "3.9.5",
      "resolved": "https://registry.npmjs.org/typescript/-/typescript-3.9.5.tgz",
      "integrity": "sha512-hSAifV3k+i6lEoCJ2k6R2Z/rp/H3+8sdmcn5NrS3/3kE7+RyZXm9aqvxWqjEXHAd8b0pShatpcdMTvEdvAJltQ=="
    },
    "underscore": {
      "version": "1.10.2",
      "resolved": "https://registry.npmjs.org/underscore/-/underscore-1.10.2.tgz",
      "integrity": "sha512-N4P+Q/BuyuEKFJ43B9gYuOj4TQUHXX+j2FqguVOpjkssLUUrnJofCcBccJSCoeturDoZU6GorDTHSvUDlSQbTg=="
    }
  }
}
